
Microsoft Visual Studio Solution File, Format Version 12.00
# Visual Studio Version 17
VisualStudioVersion = 17.14.36221.1 d17.14
MinimumVisualStudioVersion = 10.0.40219.1
Project("{FAE04EC0-301F-11D3-BF4B-00C04F79EFBC}") = "GymManagementPL", "GymManagementPL\GymManagementPL.csproj", "{70CB0CE5-3751-460B-929F-BD077FD83532}"
EndProject
Project("{FAE04EC0-301F-11D3-BF4B-00C04F79EFBC}") = "GymManagementBLL", "GymManagementBLL\GymManagementBLL.csproj", "{5D9B8252-084A-4050-AC0A-EAA5DCAECF63}"
EndProject
Project("{FAE04EC0-301F-11D3-BF4B-00C04F79EFBC}") = "GymManagementDAL", "GymManagementDAL\GymManagementDAL.csproj", "{96719203-5BF9-4172-A6B4-A2B6817C17F9}"
EndProject
Global
	GlobalSection(SolutionConfigurationPlatforms) = preSolution
		Debug|Any CPU = Debug|Any CPU
		Release|Any CPU = Release|Any CPU
	EndGlobalSection
	GlobalSection(ProjectConfigurationPlatforms) = postSolution
		{70CB0CE5-3751-460B-929F-BD077FD83532}.Debug|Any CPU.ActiveCfg = Debug|Any CPU
		{70CB0CE5-3751-460B-929F-BD077FD83532}.Debug|Any CPU.Build.0 = Debug|Any CPU
		{70CB0CE5-3751-460B-929F-BD077FD83532}.Release|Any CPU.ActiveCfg = Release|Any CPU
		{70CB0CE5-3751-460B-929F-BD077FD83532}.Release|Any CPU.Build.0 = Release|Any CPU
		{5D9B8252-084A-4050-AC0A-EAA5DCAECF63}.Debug|Any CPU.ActiveCfg = Debug|Any CPU
		{5D9B8252-084A-4050-AC0A-EAA5DCAECF63}.Debug|Any CPU.Build.0 = Debug|Any CPU
		{5D9B8252-084A-4050-AC0A-EAA5DCAECF63}.Release|Any CPU.ActiveCfg = Release|Any CPU
		{5D9B8252-084A-4050-AC0A-EAA5DCAECF63}.Release|Any CPU.Build.0 = Release|Any CPU
		{96719203-5BF9-4172-A6B4-A2B6817C17F9}.Debug|Any CPU.ActiveCfg = Debug|Any CPU
		{96719203-5BF9-4172-A6B4-A2B6817C17F9}.Debug|Any CPU.Build.0 = Debug|Any CPU
		{96719203-5BF9-4172-A6B4-A2B6817C17F9}.Release|Any CPU.ActiveCfg = Release|Any CPU
		{96719203-5BF9-4172-A6B4-A2B6817C17F9}.Release|Any CPU.Build.0 = Release|Any CPU
	EndGlobalSection
	GlobalSection(SolutionProperties) = preSolution
		HideSolutionNode = FALSE
	EndGlobalSection
	GlobalSection(ExtensibilityGlobals) = postSolution
		SolutionGuid = {6489AF06-AF72-4BFE-BC62-FCC457AB0100}
	EndGlobalSection
EndGlobal
